
Microsoft Visual Studio Solution File, Format Version 12.00
# Visual Studio 14
VisualStudioVersion = 14.0.23107.0
MinimumVisualStudioVersion = 10.0.40219.1
Project("{FAE04EC0-301F-11D3-BF4B-00C04F79EFBC}") = "GestionnaireDeTache", "GestionnaireDeTache\GestionnaireDeTache.csproj", "{C9817B75-3327-4074-94A1-2FAAEA8DA2DC}"
EndProject
Global
	GlobalSection(SolutionConfigurationPlatforms) = preSolution
		Debug|Any CPU = Debug|Any CPU
		Release|Any CPU = Release|Any CPU
	EndGlobalSection
	GlobalSection(ProjectConfigurationPlatforms) = postSolution
		{C9817B75-3327-4074-94A1-2FAAEA8DA2DC}.Debug|Any CPU.ActiveCfg = Debug|Any CPU
		{C9817B75-3327-4074-94A1-2FAAEA8DA2DC}.Debug|Any CPU.Build.0 = Debug|Any CPU
		{C9817B75-3327-4074-94A1-2FAAEA8DA2DC}.Release|Any CPU.ActiveCfg = Release|Any CPU
		{C9817B75-3327-4074-94A1-2FAAEA8DA2DC}.Release|Any CPU.Build.0 = Release|Any CPU
	EndGlobalSection
	GlobalSection(SolutionProperties) = preSolution
		HideSolutionNode = FALSE
	EndGlobalSection
EndGlobal
